
Microsoft Visual Studio Solution File, Format Version 12.00
# Visual Studio Version 16
VisualStudioVersion = 16.0.31129.286
MinimumVisualStudioVersion = 10.0.40219.1
Project("{FAE04EC0-301F-11D3-BF4B-00C04F79EFBC}") = "AbdullahTables", "AbdullahTables\AbdullahTables.csproj", "{CEE569D2-2F08-45A7-BC89-8FD62B190CCF}"
EndProject
Global
	GlobalSection(SolutionConfigurationPlatforms) = preSolution
		Debug|Any CPU = Debug|Any CPU
		Release|Any CPU = Release|Any CPU
	EndGlobalSection
	GlobalSection(ProjectConfigurationPlatforms) = postSolution
		{CEE569D2-2F08-45A7-BC89-8FD62B190CCF}.Debug|Any CPU.ActiveCfg = Debug|Any CPU
		{CEE569D2-2F08-45A7-BC89-8FD62B190CCF}.Debug|Any CPU.Build.0 = Debug|Any CPU
		{CEE569D2-2F08-45A7-BC89-8FD62B190CCF}.Release|Any CPU.ActiveCfg = Release|Any CPU
		{CEE569D2-2F08-45A7-BC89-8FD62B190CCF}.Release|Any CPU.Build.0 = Release|Any CPU
	EndGlobalSection
	GlobalSection(SolutionProperties) = preSolution
		HideSolutionNode = FALSE
	EndGlobalSection
	GlobalSection(ExtensibilityGlobals) = postSolution
		SolutionGuid = {F1B6D403-4CAC-460C-8D2F-77DB2E5FA132}
	EndGlobalSection
EndGlobal
